
Microsoft Visual Studio Solution File, Format Version 10.00
# Visual Basic Express 2008
Project("{F184B08F-C81C-45F6-A57F-5ABD9991F28F}") = "IF ELSE", "IF ELSE\IF ELSE.vbproj", "{5B364FA4-6829-4ACA-B02D-D1C486F6E570}"
EndProject
Global
	GlobalSection(SolutionConfigurationPlatforms) = preSolution
		Debug|Any CPU = Debug|Any CPU
		Release|Any CPU = Release|Any CPU
	EndGlobalSection
	GlobalSection(ProjectConfigurationPlatforms) = postSolution
		{5B364FA4-6829-4ACA-B02D-D1C486F6E570}.Debug|Any CPU.ActiveCfg = Debug|Any CPU
		{5B364FA4-6829-4ACA-B02D-D1C486F6E570}.Debug|Any CPU.Build.0 = Debug|Any CPU
		{5B364FA4-6829-4ACA-B02D-D1C486F6E570}.Release|Any CPU.ActiveCfg = Release|Any CPU
		{5B364FA4-6829-4ACA-B02D-D1C486F6E570}.Release|Any CPU.Build.0 = Release|Any CPU
	EndGlobalSection
	GlobalSection(SolutionProperties) = preSolution
		HideSolutionNode = FALSE
	EndGlobalSection
EndGlobal
